# THIS IS AN AUTOGENERATED FILE. DO NOT EDIT THIS FILE DIRECTLY.
# yarn lockfile v1


colorize@:
  version "0.1.0"
  resolved "https://registry.yarnpkg.com/colorize/-/colorize-0.1.0.tgz#9a567428fc581ca2fe0baf10aec7c7969150608a"
  integrity sha1-mlZ0KPxYHKL+C68QrsfHlpFQYIo=

complex.js@2.0.11:
  version "2.0.11"
  resolved "https://registry.yarnpkg.com/complex.js/-/complex.js-2.0.11.tgz#09a873fbf15ffd8c18c9c2201ccef425c32b8bf1"
  integrity sha512-6IArJLApNtdg1P1dFtn3dnyzoZBEF0MwMnrfF1exSBRpZYoy4yieMkpZhQDC0uwctw48vii0CFVyHfpgZ/DfGw==

decimal.js@10.1.1:
  version "10.1.1"
  resolved "https://registry.yarnpkg.com/decimal.js/-/decimal.js-10.1.1.tgz#fb541922a2e8fc618f5e6fbb474e281ed3d2a64c"
  integrity sha512-vEEgyk1fWVEnv7lPjkNedAIjzxQDue5Iw4FeX4UkNUDSVyD/jZTD0Bw2kAO7k6iyyJRAhM9oxxI0D1ET6k0Mmg==

dirty@>=0.9.9:
  version "1.1.0"
  resolved "https://registry.yarnpkg.com/dirty/-/dirty-1.1.0.tgz#70edd2b999541dc9974fd3a8cbd0c670fe236078"
  integrity sha1-cO3SuZlUHcmXT9Ooy9DGcP4jYHg=

escape-latex@1.2.0:
  version "1.2.0"
  resolved "https://registry.yarnpkg.com/escape-latex/-/escape-latex-1.2.0.tgz#07c03818cf7dac250cce517f4fda1b001ef2bca1"
  integrity sha512-nV5aVWW1K0wEiUIEdZ4erkGGH8mDxGyxSeqPzRNtWP7ataw+/olFObw7hujFWlVjNsaDFw5VZ5NzVSIqRgfTiw==

fraction.js@4.0.12:
  version "4.0.12"
  resolved "https://registry.yarnpkg.com/fraction.js/-/fraction.js-4.0.12.tgz#0526d47c65a5fb4854df78bc77f7bec708d7b8c3"
  integrity sha512-8Z1K0VTG4hzYY7kA/1sj4/r1/RWLBD3xwReT/RCrUCbzPszjNQCCsy3ktkU/eaEqX3MYa4pY37a52eiBlPMlhA==

javascript-natural-sort@0.7.1:
  version "0.7.1"
  resolved "https://registry.yarnpkg.com/javascript-natural-sort/-/javascript-natural-sort-0.7.1.tgz#f9e2303d4507f6d74355a73664d1440fb5a0ef59"
  integrity sha1-+eIwPUUH9tdDVac2ZNFED7Wg71k=

mathjs@:
  version "5.9.0"
  resolved "https://registry.yarnpkg.com/mathjs/-/mathjs-5.9.0.tgz#e926feb1c67c2cae103512dd35ddc2573106e1e5"
  integrity sha512-f1xmJklkTCr48y023cFy/ZSoVzOfgHp1gutvebi/Vv5RLly6j8G9T2/XHkfXewZKcwPDbhBkFEYljaCjudxulQ==
  dependencies:
    complex.js "2.0.11"
    decimal.js "10.1.1"
    escape-latex "1.2.0"
    fraction.js "4.0.12"
    javascript-natural-sort "0.7.1"
    seed-random "2.2.0"
    tiny-emitter "2.1.0"
    typed-function "1.1.0"

nodiverse@>=0.3.0:
  version "0.3.3"
  resolved "https://registry.yarnpkg.com/nodiverse/-/nodiverse-0.3.3.tgz#610b9c6207b008f2c898e76b93be56c91620842e"
  integrity sha1-YQucYgewCPLImOdrk75WyRYghC4=

password-strength@:
  version "0.0.1"
  resolved "https://registry.yarnpkg.com/password-strength/-/password-strength-0.0.1.tgz#e5b5503f77efecfd0eff26813eb8a8d8cfc83778"
  integrity sha1-5bVQP3fv7P0O/yaBPrio2M/IN3g=

seed-random@2.2.0:
  version "2.2.0"
  resolved "https://registry.yarnpkg.com/seed-random/-/seed-random-2.2.0.tgz#2a9b19e250a817099231a5b99a4daf80b7fbed54"
  integrity sha1-KpsZ4lCoFwmSMaW5mk2vgLf77VQ=

tiny-emitter@2.1.0:
  version "2.1.0"
  resolved "https://registry.yarnpkg.com/tiny-emitter/-/tiny-emitter-2.1.0.tgz#1d1a56edfc51c43e863cbb5382a72330e3555423"
  integrity sha512-NB6Dk1A9xgQPMoGqC5CVXn123gWyte215ONT5Pp5a0yt4nlEoO1ZWeCwpncaekPHXO60i47ihFnZPiRPjRMq4Q==

typed-function@1.1.0:
  version "1.1.0"
  resolved "https://registry.yarnpkg.com/typed-function/-/typed-function-1.1.0.tgz#ea149706e0fb42aca1791c053a6d94ccd6c4fdcb"
  integrity sha512-TuQzwiT4DDg19beHam3E66oRXhyqlyfgjHB/5fcvsRXbfmWPJfto9B4a0TBdTrQAPGlGmXh/k7iUI+WsObgORA==
